
Microsoft Visual Studio Solution File, Format Version 12.00
# Visual Studio 15
VisualStudioVersion = 15.0.28307.1433
MinimumVisualStudioVersion = 10.0.40219.1
Project("{FAE04EC0-301F-11D3-BF4B-00C04F79EFBC}") = "StartServices", "StartServices\StartServices.csproj", "{E54438A7-FAE7-4AD4-8D80-42A9D893BBDD}"
EndProject
Project("{FAE04EC0-301F-11D3-BF4B-00C04F79EFBC}") = "StartDataAccess", "StartDataAccess\StartDataAccess.csproj", "{B1952A56-DDF2-4A0A-82A8-7A436CC0C797}"
EndProject
Global
	GlobalSection(SolutionConfigurationPlatforms) = preSolution
		Debug|Any CPU = Debug|Any CPU
		Release|Any CPU = Release|Any CPU
	EndGlobalSection
	GlobalSection(ProjectConfigurationPlatforms) = postSolution
		{E54438A7-FAE7-4AD4-8D80-42A9D893BBDD}.Debug|Any CPU.ActiveCfg = Debug|Any CPU
		{E54438A7-FAE7-4AD4-8D80-42A9D893BBDD}.Debug|Any CPU.Build.0 = Debug|Any CPU
		{E54438A7-FAE7-4AD4-8D80-42A9D893BBDD}.Release|Any CPU.ActiveCfg = Release|Any CPU
		{E54438A7-FAE7-4AD4-8D80-42A9D893BBDD}.Release|Any CPU.Build.0 = Release|Any CPU
		{B1952A56-DDF2-4A0A-82A8-7A436CC0C797}.Debug|Any CPU.ActiveCfg = Debug|Any CPU
		{B1952A56-DDF2-4A0A-82A8-7A436CC0C797}.Debug|Any CPU.Build.0 = Debug|Any CPU
		{B1952A56-DDF2-4A0A-82A8-7A436CC0C797}.Release|Any CPU.ActiveCfg = Release|Any CPU
		{B1952A56-DDF2-4A0A-82A8-7A436CC0C797}.Release|Any CPU.Build.0 = Release|Any CPU
	EndGlobalSection
	GlobalSection(SolutionProperties) = preSolution
		HideSolutionNode = FALSE
	EndGlobalSection
	GlobalSection(ExtensibilityGlobals) = postSolution
		SolutionGuid = {13A92642-4662-4D33-80EA-999790D1C25F}
	EndGlobalSection
EndGlobal
